// !$*UTF8*$!
{
	archiveVersion = 1;
	classes = {
	};
	objectVersion = 56;
	objects = {

/* Begin PBXBuildFile section */
		C1DF75FB2C510DF200311EDC /* Application.swift in Sources */ = {isa = PBXBuildFile; fileRef = C1DF75FA2C510DF200311EDC /* Application.swift */; };
		C1DF75FD2C510DF200311EDC /* MainView.swift in Sources */ = {isa = PBXBuildFile; fileRef = C1DF75FC2C510DF200311EDC /* MainView.swift */; };
		C1DF75FF2C510DF400311EDC /* Assets.xcassets in Resources */ = {isa = PBXBuildFile; fileRef = C1DF75FE2C510DF400311EDC /* Assets.xcassets */; };
		C1DF76022C510DF400311EDC /* Preview Assets.xcassets in Resources */ = {isa = PBXBuildFile; fileRef = C1DF76012C510DF400311EDC /* Preview Assets.xcassets */; };
		C1DF760C2C510DF400311EDC /* ToDoListTests.swift in Sources */ = {isa = PBXBuildFile; fileRef = C1DF760B2C510DF400311EDC /* ToDoListTests.swift */; };
		C1DF76162C510DF400311EDC /* ToDoListUITests.swift in Sources */ = {isa = PBXBuildFile; fileRef = C1DF76152C510DF400311EDC /* ToDoListUITests.swift */; };
		C1DF76182C510DF400311EDC /* ToDoListUITestsLaunchTests.swift in Sources */ = {isa = PBXBuildFile; fileRef = C1DF76172C510DF400311EDC /* ToDoListUITestsLaunchTests.swift */; };
		C1DF76262C51134B00311EDC /* FirebaseAuth in Frameworks */ = {isa = PBXBuildFile; productRef = C1DF76252C51134B00311EDC /* FirebaseAuth */; };
		C1DF76282C51134B00311EDC /* FirebaseFirestore in Frameworks */ = {isa = PBXBuildFile; productRef = C1DF76272C51134B00311EDC /* FirebaseFirestore */; };
		C1DF762A2C51134B00311EDC /* FirebaseFirestoreSwift in Frameworks */ = {isa = PBXBuildFile; productRef = C1DF76292C51134B00311EDC /* FirebaseFirestoreSwift */; };
		C1DF762C2C51149000311EDC /* GoogleService-Info.plist in Resources */ = {isa = PBXBuildFile; fileRef = C1DF762B2C51149000311EDC /* GoogleService-Info.plist */; };
		C1DF76332C512B6500311EDC /* ProfileView.swift in Sources */ = {isa = PBXBuildFile; fileRef = C1DF76322C512B6500311EDC /* ProfileView.swift */; };
		C1DF76352C512B8500311EDC /* ItemView.swift in Sources */ = {isa = PBXBuildFile; fileRef = C1DF76342C512B8500311EDC /* ItemView.swift */; };
		C1DF76372C512B9A00311EDC /* CreateItemView.swift in Sources */ = {isa = PBXBuildFile; fileRef = C1DF76362C512B9A00311EDC /* CreateItemView.swift */; };
		C1DF76392C512BA500311EDC /* LoginView.swift in Sources */ = {isa = PBXBuildFile; fileRef = C1DF76382C512BA500311EDC /* LoginView.swift */; };
		C1DF763C2C512BCD00311EDC /* RegisterView.swift in Sources */ = {isa = PBXBuildFile; fileRef = C1DF763B2C512BCD00311EDC /* RegisterView.swift */; };
		C1DF763F2C512C7500311EDC /* ToDoListItemsView.swift in Sources */ = {isa = PBXBuildFile; fileRef = C1DF763E2C512C7500311EDC /* ToDoListItemsView.swift */; };
		C1DF76412C512D3600311EDC /* User.swift in Sources */ = {isa = PBXBuildFile; fileRef = C1DF76402C512D3600311EDC /* User.swift */; };
		C1DF76432C512D4500311EDC /* ToDoListModel.swift in Sources */ = {isa = PBXBuildFile; fileRef = C1DF76422C512D4500311EDC /* ToDoListModel.swift */; };
		C1DF76452C512DA600311EDC /* MainViewViewModel.swift in Sources */ = {isa = PBXBuildFile; fileRef = C1DF76442C512DA600311EDC /* MainViewViewModel.swift */; };
		C1DF76472C512DC100311EDC /* ProfileViewViewModel.swift in Sources */ = {isa = PBXBuildFile; fileRef = C1DF76462C512DC100311EDC /* ProfileViewViewModel.swift */; };
		C1DF76492C512DD000311EDC /* LoginViewViewModel.swift in Sources */ = {isa = PBXBuildFile; fileRef = C1DF76482C512DD000311EDC /* LoginViewViewModel.swift */; };
		C1DF764B2C512DD700311EDC /* RegisterViewViewModel.swift in Sources */ = {isa = PBXBuildFile; fileRef = C1DF764A2C512DD700311EDC /* RegisterViewViewModel.swift */; };
		C1DF764D2C512DE800311EDC /* ItemViewViewModel.swift in Sources */ = {isa = PBXBuildFile; fileRef = C1DF764C2C512DE800311EDC /* ItemViewViewModel.swift */; };
		C1DF764F2C512DF400311EDC /* CreateItemViewModel.swift in Sources */ = {isa = PBXBuildFile; fileRef = C1DF764E2C512DF400311EDC /* CreateItemViewModel.swift */; };
		C1DF76512C512E0200311EDC /* ToDoListItemsViewViewModel.swift in Sources */ = {isa = PBXBuildFile; fileRef = C1DF76502C512E0200311EDC /* ToDoListItemsViewViewModel.swift */; };
		C1DF76572C51343300311EDC /* HeaderView.swift in Sources */ = {isa = PBXBuildFile; fileRef = C1DF76562C51343300311EDC /* HeaderView.swift */; };
		C1DF765A2C522C7500311EDC /* FormSubmitButtonView.swift in Sources */ = {isa = PBXBuildFile; fileRef = C1DF76592C522C7500311EDC /* FormSubmitButtonView.swift */; };
/* End PBXBuildFile section */

/* Begin PBXContainerItemProxy section */
		C1DF76082C510DF400311EDC /* PBXContainerItemProxy */ = {
			isa = PBXContainerItemProxy;
			containerPortal = C1DF75EF2C510DF200311EDC /* Project object */;
			proxyType = 1;
			remoteGlobalIDString = C1DF75F62C510DF200311EDC;
			remoteInfo = ToDoList;
		};
		C1DF76122C510DF400311EDC /* PBXContainerItemProxy */ = {
			isa = PBXContainerItemProxy;
			containerPortal = C1DF75EF2C510DF200311EDC /* Project object */;
			proxyType = 1;
			remoteGlobalIDString = C1DF75F62C510DF200311EDC;
			remoteInfo = ToDoList;
		};
/* End PBXContainerItemProxy section */

/* Begin PBXFileReference section */
		C1DF75F72C510DF200311EDC /* ToDoList.app */ = {isa = PBXFileReference; explicitFileType = wrapper.application; includeInIndex = 0; path = ToDoList.app; sourceTree = BUILT_PRODUCTS_DIR; };
		C1DF75FA2C510DF200311EDC /* Application.swift */ = {isa = PBXFileReference; lastKnownFileType = sourcecode.swift; path = Application.swift; sourceTree = "<group>"; };
		C1DF75FC2C510DF200311EDC /* MainView.swift */ = {isa = PBXFileReference; lastKnownFileType = sourcecode.swift; path = MainView.swift; sourceTree = "<group>"; };
		C1DF75FE2C510DF400311EDC /* Assets.xcassets */ = {isa = PBXFileReference; lastKnownFileType = folder.assetcatalog; path = Assets.xcassets; sourceTree = "<group>"; };
		C1DF76012C510DF400311EDC /* Preview Assets.xcassets */ = {isa = PBXFileReference; lastKnownFileType = folder.assetcatalog; path = "Preview Assets.xcassets"; sourceTree = "<group>"; };
		C1DF76072C510DF400311EDC /* ToDoListTests.xctest */ = {isa = PBXFileReference; explicitFileType = wrapper.cfbundle; includeInIndex = 0; path = ToDoListTests.xctest; sourceTree = BUILT_PRODUCTS_DIR; };
		C1DF760B2C510DF400311EDC /* ToDoListTests.swift */ = {isa = PBXFileReference; lastKnownFileType = sourcecode.swift; path = ToDoListTests.swift; sourceTree = "<group>"; };
		C1DF76112C510DF400311EDC /* ToDoListUITests.xctest */ = {isa = PBXFileReference; explicitFileType = wrapper.cfbundle; includeInIndex = 0; path = ToDoListUITests.xctest; sourceTree = BUILT_PRODUCTS_DIR; };
		C1DF76152C510DF400311EDC /* ToDoListUITests.swift */ = {isa = PBXFileReference; lastKnownFileType = sourcecode.swift; path = ToDoListUITests.swift; sourceTree = "<group>"; };
		C1DF76172C510DF400311EDC /* ToDoListUITestsLaunchTests.swift */ = {isa = PBXFileReference; lastKnownFileType = sourcecode.swift; path = ToDoListUITestsLaunchTests.swift; sourceTree = "<group>"; };
		C1DF762B2C51149000311EDC /* GoogleService-Info.plist */ = {isa = PBXFileReference; fileEncoding = 4; lastKnownFileType = text.plist.xml; path = "GoogleService-Info.plist"; sourceTree = "<group>"; };
		C1DF76322C512B6500311EDC /* ProfileView.swift */ = {isa = PBXFileReference; lastKnownFileType = sourcecode.swift; path = ProfileView.swift; sourceTree = "<group>"; };
		C1DF76342C512B8500311EDC /* ItemView.swift */ = {isa = PBXFileReference; lastKnownFileType = sourcecode.swift; path = ItemView.swift; sourceTree = "<group>"; };
		C1DF76362C512B9A00311EDC /* CreateItemView.swift */ = {isa = PBXFileReference; lastKnownFileType = sourcecode.swift; path = CreateItemView.swift; sourceTree = "<group>"; };
		C1DF76382C512BA500311EDC /* LoginView.swift */ = {isa = PBXFileReference; lastKnownFileType = sourcecode.swift; path = LoginView.swift; sourceTree = "<group>"; };
		C1DF763B2C512BCD00311EDC /* RegisterView.swift */ = {isa = PBXFileReference; lastKnownFileType = sourcecode.swift; path = RegisterView.swift; sourceTree = "<group>"; };
		C1DF763E2C512C7500311EDC /* ToDoListItemsView.swift */ = {isa = PBXFileReference; lastKnownFileType = sourcecode.swift; path = ToDoListItemsView.swift; sourceTree = "<group>"; };
		C1DF76402C512D3600311EDC /* User.swift */ = {isa = PBXFileReference; lastKnownFileType = sourcecode.swift; path = User.swift; sourceTree = "<group>"; };
		C1DF76422C512D4500311EDC /* ToDoListModel.swift */ = {isa = PBXFileReference; lastKnownFileType = sourcecode.swift; path = ToDoListModel.swift; sourceTree = "<group>"; };
		C1DF76442C512DA600311EDC /* MainViewViewModel.swift */ = {isa = PBXFileReference; lastKnownFileType = sourcecode.swift; path = MainViewViewModel.swift; sourceTree = "<group>"; };
		C1DF76462C512DC100311EDC /* ProfileViewViewModel.swift */ = {isa = PBXFileReference; lastKnownFileType = sourcecode.swift; path = ProfileViewViewModel.swift; sourceTree = "<group>"; };
		C1DF76482C512DD000311EDC /* LoginViewViewModel.swift */ = {isa = PBXFileReference; lastKnownFileType = sourcecode.swift; path = LoginViewViewModel.swift; sourceTree = "<group>"; };
		C1DF764A2C512DD700311EDC /* RegisterViewViewModel.swift */ = {isa = PBXFileReference; lastKnownFileType = sourcecode.swift; path = RegisterViewViewModel.swift; sourceTree = "<group>"; };
		C1DF764C2C512DE800311EDC /* ItemViewViewModel.swift */ = {isa = PBXFileReference; lastKnownFileType = sourcecode.swift; path = ItemViewViewModel.swift; sourceTree = "<group>"; };
		C1DF764E2C512DF400311EDC /* CreateItemViewModel.swift */ = {isa = PBXFileReference; lastKnownFileType = sourcecode.swift; path = CreateItemViewModel.swift; sourceTree = "<group>"; };
		C1DF76502C512E0200311EDC /* ToDoListItemsViewViewModel.swift */ = {isa = PBXFileReference; lastKnownFileType = sourcecode.swift; path = ToDoListItemsViewViewModel.swift; sourceTree = "<group>"; };
		C1DF76562C51343300311EDC /* HeaderView.swift */ = {isa = PBXFileReference; lastKnownFileType = sourcecode.swift; path = HeaderView.swift; sourceTree = "<group>"; };
		C1DF76592C522C7500311EDC /* FormSubmitButtonView.swift */ = {isa = PBXFileReference; lastKnownFileType = sourcecode.swift; path = FormSubmitButtonView.swift; sourceTree = "<group>"; };
/* End PBXFileReference section */

/* Begin PBXFrameworksBuildPhase section */
		C1DF75F42C510DF200311EDC /* Frameworks */ = {
			isa = PBXFrameworksBuildPhase;
			buildActionMask = 2147483647;
			files = (
				C1DF76262C51134B00311EDC /* FirebaseAuth in Frameworks */,
				C1DF76282C51134B00311EDC /* FirebaseFirestore in Frameworks */,
				C1DF762A2C51134B00311EDC /* FirebaseFirestoreSwift in Frameworks */,
			);
			runOnlyForDeploymentPostprocessing = 0;
		};
		C1DF76042C510DF400311EDC /* Frameworks */ = {
			isa = PBXFrameworksBuildPhase;
			buildActionMask = 2147483647;
			files = (
			);
			runOnlyForDeploymentPostprocessing = 0;
		};
		C1DF760E2C510DF400311EDC /* Frameworks */ = {
			isa = PBXFrameworksBuildPhase;
			buildActionMask = 2147483647;
			files = (
			);
			runOnlyForDeploymentPostprocessing = 0;
		};
/* End PBXFrameworksBuildPhase section */

/* Begin PBXGroup section */
		C1DF75EE2C510DF200311EDC = {
			isa = PBXGroup;
			children = (
				C1DF75F92C510DF200311EDC /* ToDoList */,
				C1DF760A2C510DF400311EDC /* ToDoListTests */,
				C1DF76142C510DF400311EDC /* ToDoListUITests */,
				C1DF75F82C510DF200311EDC /* Products */,
			);
			sourceTree = "<group>";
		};
		C1DF75F82C510DF200311EDC /* Products */ = {
			isa = PBXGroup;
			children = (
				C1DF75F72C510DF200311EDC /* ToDoList.app */,
				C1DF76072C510DF400311EDC /* ToDoListTests.xctest */,
				C1DF76112C510DF400311EDC /* ToDoListUITests.xctest */,
			);
			name = Products;
			sourceTree = "<group>";
		};
		C1DF75F92C510DF200311EDC /* ToDoList */ = {
			isa = PBXGroup;
			children = (
				C1DF76312C5125EF00311EDC /* src */,
				C1DF76302C51257000311EDC /* Resources */,
				C1DF76002C510DF400311EDC /* Preview Content */,
			);
			path = ToDoList;
			sourceTree = "<group>";
		};
		C1DF76002C510DF400311EDC /* Preview Content */ = {
			isa = PBXGroup;
			children = (
				C1DF76012C510DF400311EDC /* Preview Assets.xcassets */,
			);
			path = "Preview Content";
			sourceTree = "<group>";
		};
		C1DF760A2C510DF400311EDC /* ToDoListTests */ = {
			isa = PBXGroup;
			children = (
				C1DF760B2C510DF400311EDC /* ToDoListTests.swift */,
			);
			path = ToDoListTests;
			sourceTree = "<group>";
		};
		C1DF76142C510DF400311EDC /* ToDoListUITests */ = {
			isa = PBXGroup;
			children = (
				C1DF76152C510DF400311EDC /* ToDoListUITests.swift */,
				C1DF76172C510DF400311EDC /* ToDoListUITestsLaunchTests.swift */,
			);
			path = ToDoListUITests;
			sourceTree = "<group>";
		};
		C1DF762D2C51248800311EDC /* Views */ = {
			isa = PBXGroup;
			children = (
				C1DF76582C522C3200311EDC /* Components */,
				C1DF76552C512E7600311EDC /* Profile */,
				C1DF763D2C512C1600311EDC /* App */,
				C1DF763A2C512BAF00311EDC /* Auth */,
				C1DF75FC2C510DF200311EDC /* MainView.swift */,
			);
			path = Views;
			sourceTree = "<group>";
		};
		C1DF762E2C51249500311EDC /* ViewModels */ = {
			isa = PBXGroup;
			children = (
				C1DF76542C512E6A00311EDC /* Profile */,
				C1DF76532C512E4E00311EDC /* Auth */,
				C1DF76522C512E4A00311EDC /* App */,
				C1DF76442C512DA600311EDC /* MainViewViewModel.swift */,
			);
			path = ViewModels;
			sourceTree = "<group>";
		};
		C1DF762F2C5124B600311EDC /* Models */ = {
			isa = PBXGroup;
			children = (
				C1DF76402C512D3600311EDC /* User.swift */,
				C1DF76422C512D4500311EDC /* ToDoListModel.swift */,
			);
			path = Models;
			sourceTree = "<group>";
		};
		C1DF76302C51257000311EDC /* Resources */ = {
			isa = PBXGroup;
			children = (
				C1DF75FE2C510DF400311EDC /* Assets.xcassets */,
				C1DF762B2C51149000311EDC /* GoogleService-Info.plist */,
			);
			path = Resources;
			sourceTree = "<group>";
		};
		C1DF76312C5125EF00311EDC /* src */ = {
			isa = PBXGroup;
			children = (
				C1DF75FA2C510DF200311EDC /* Application.swift */,
				C1DF762D2C51248800311EDC /* Views */,
				C1DF762E2C51249500311EDC /* ViewModels */,
				C1DF762F2C5124B600311EDC /* Models */,
			);
			path = src;
			sourceTree = "<group>";
		};
		C1DF763A2C512BAF00311EDC /* Auth */ = {
			isa = PBXGroup;
			children = (
				C1DF76382C512BA500311EDC /* LoginView.swift */,
				C1DF763B2C512BCD00311EDC /* RegisterView.swift */,
			);
			path = Auth;
			sourceTree = "<group>";
		};
		C1DF763D2C512C1600311EDC /* App */ = {
			isa = PBXGroup;
			children = (
				C1DF76342C512B8500311EDC /* ItemView.swift */,
				C1DF76362C512B9A00311EDC /* CreateItemView.swift */,
				C1DF763E2C512C7500311EDC /* ToDoListItemsView.swift */,
			);
			path = App;
			sourceTree = "<group>";
		};
		C1DF76522C512E4A00311EDC /* App */ = {
			isa = PBXGroup;
			children = (
				C1DF764C2C512DE800311EDC /* ItemViewViewModel.swift */,
				C1DF764E2C512DF400311EDC /* CreateItemViewModel.swift */,
				C1DF76502C512E0200311EDC /* ToDoListItemsViewViewModel.swift */,
			);
			path = App;
			sourceTree = "<group>";
		};
		C1DF76532C512E4E00311EDC /* Auth */ = {
			isa = PBXGroup;
			children = (
				C1DF76482C512DD000311EDC /* LoginViewViewModel.swift */,
				C1DF764A2C512DD700311EDC /* RegisterViewViewModel.swift */,
			);
			path = Auth;
			sourceTree = "<group>";
		};
		C1DF76542C512E6A00311EDC /* Profile */ = {
			isa = PBXGroup;
			children = (
				C1DF76462C512DC100311EDC /* ProfileViewViewModel.swift */,
			);
			path = Profile;
			sourceTree = "<group>";
		};
		C1DF76552C512E7600311EDC /* Profile */ = {
			isa = PBXGroup;
			children = (
				C1DF76322C512B6500311EDC /* ProfileView.swift */,
			);
			path = Profile;
			sourceTree = "<group>";
		};
		C1DF76582C522C3200311EDC /* Components */ = {
			isa = PBXGroup;
			children = (
				C1DF76562C51343300311EDC /* HeaderView.swift */,
				C1DF76592C522C7500311EDC /* FormSubmitButtonView.swift */,
			);
			path = Components;
			sourceTree = "<group>";
		};
/* End PBXGroup section */

/* Begin PBXNativeTarget section */
		C1DF75F62C510DF200311EDC /* ToDoList */ = {
			isa = PBXNativeTarget;
			buildConfigurationList = C1DF761B2C510DF400311EDC /* Build configuration list for PBXNativeTarget "ToDoList" */;
			buildPhases = (
				C1DF75F32C510DF200311EDC /* Sources */,
				C1DF75F42C510DF200311EDC /* Frameworks */,
				C1DF75F52C510DF200311EDC /* Resources */,
			);
			buildRules = (
			);
			dependencies = (
			);
			name = ToDoList;
			packageProductDependencies = (
				C1DF76252C51134B00311EDC /* FirebaseAuth */,
				C1DF76272C51134B00311EDC /* FirebaseFirestore */,
				C1DF76292C51134B00311EDC /* FirebaseFirestoreSwift */,
			);
			productName = ToDoList;
			productReference = C1DF75F72C510DF200311EDC /* ToDoList.app */;
			productType = "com.apple.product-type.application";
		};
		C1DF76062C510DF400311EDC /* ToDoListTests */ = {
			isa = PBXNativeTarget;
			buildConfigurationList = C1DF761E2C510DF400311EDC /* Build configuration list for PBXNativeTarget "ToDoListTests" */;
			buildPhases = (
				C1DF76032C510DF400311EDC /* Sources */,
				C1DF76042C510DF400311EDC /* Frameworks */,
				C1DF76052C510DF400311EDC /* Resources */,
			);
			buildRules = (
			);
			dependencies = (
				C1DF76092C510DF400311EDC /* PBXTargetDependency */,
			);
			name = ToDoListTests;
			productName = ToDoListTests;
			productReference = C1DF76072C510DF400311EDC /* ToDoListTests.xctest */;
			productType = "com.apple.product-type.bundle.unit-test";
		};
		C1DF76102C510DF400311EDC /* ToDoListUITests */ = {
			isa = PBXNativeTarget;
			buildConfigurationList = C1DF76212C510DF400311EDC /* Build configuration list for PBXNativeTarget "ToDoListUITests" */;
			buildPhases = (
				C1DF760D2C510DF400311EDC /* Sources */,
				C1DF760E2C510DF400311EDC /* Frameworks */,
				C1DF760F2C510DF400311EDC /* Resources */,
			);
			buildRules = (
			);
			dependencies = (
				C1DF76132C510DF400311EDC /* PBXTargetDependency */,
			);
			name = ToDoListUITests;
			productName = ToDoListUITests;
			productReference = C1DF76112C510DF400311EDC /* ToDoListUITests.xctest */;
			productType = "com.apple.product-type.bundle.ui-testing";
		};
/* End PBXNativeTarget section */

/* Begin PBXProject section */
		C1DF75EF2C510DF200311EDC /* Project object */ = {
			isa = PBXProject;
			attributes = {
				BuildIndependentTargetsInParallel = 1;
				LastSwiftUpdateCheck = 1540;
				LastUpgradeCheck = 1540;
				TargetAttributes = {
					C1DF75F62C510DF200311EDC = {
						CreatedOnToolsVersion = 15.4;
					};
					C1DF76062C510DF400311EDC = {
						CreatedOnToolsVersion = 15.4;
						TestTargetID = C1DF75F62C510DF200311EDC;
					};
					C1DF76102C510DF400311EDC = {
						CreatedOnToolsVersion = 15.4;
						TestTargetID = C1DF75F62C510DF200311EDC;
					};
				};
			};
			buildConfigurationList = C1DF75F22C510DF200311EDC /* Build configuration list for PBXProject "ToDoList" */;
			compatibilityVersion = "Xcode 14.0";
			developmentRegion = en;
			hasScannedForEncodings = 0;
			knownRegions = (
				en,
				Base,
			);
			mainGroup = C1DF75EE2C510DF200311EDC;
			packageReferences = (
				C1DF76242C51134B00311EDC /* XCRemoteSwiftPackageReference "firebase-ios-sdk" */,
			);
			productRefGroup = C1DF75F82C510DF200311EDC /* Products */;
			projectDirPath = "";
			projectRoot = "";
			targets = (
				C1DF75F62C510DF200311EDC /* ToDoList */,
				C1DF76062C510DF400311EDC /* ToDoListTests */,
				C1DF76102C510DF400311EDC /* ToDoListUITests */,
			);
		};
/* End PBXProject section */

/* Begin PBXResourcesBuildPhase section */
		C1DF75F52C510DF200311EDC /* Resources */ = {
			isa = PBXResourcesBuildPhase;
			buildActionMask = 2147483647;
			files = (
				C1DF76022C510DF400311EDC /* Preview Assets.xcassets in Resources */,
				C1DF75FF2C510DF400311EDC /* Assets.xcassets in Resources */,
				C1DF762C2C51149000311EDC /* GoogleService-Info.plist in Resources */,
			);
			runOnlyForDeploymentPostprocessing = 0;
		};
		C1DF76052C510DF400311EDC /* Resources */ = {
			isa = PBXResourcesBuildPhase;
			buildActionMask = 2147483647;
			files = (
			);
			runOnlyForDeploymentPostprocessing = 0;
		};
		C1DF760F2C510DF400311EDC /* Resources */ = {
			isa = PBXResourcesBuildPhase;
			buildActionMask = 2147483647;
			files = (
			);
			runOnlyForDeploymentPostprocessing = 0;
		};
/* End PBXResourcesBuildPhase section */

/* Begin PBXSourcesBuildPhase section */
		C1DF75F32C510DF200311EDC /* Sources */ = {
			isa = PBXSourcesBuildPhase;
			buildActionMask = 2147483647;
			files = (
				C1DF76392C512BA500311EDC /* LoginView.swift in Sources */,
				C1DF765A2C522C7500311EDC /* FormSubmitButtonView.swift in Sources */,
				C1DF76572C51343300311EDC /* HeaderView.swift in Sources */,
				C1DF75FD2C510DF200311EDC /* MainView.swift in Sources */,
				C1DF76452C512DA600311EDC /* MainViewViewModel.swift in Sources */,
				C1DF764F2C512DF400311EDC /* CreateItemViewModel.swift in Sources */,
				C1DF76332C512B6500311EDC /* ProfileView.swift in Sources */,
				C1DF76512C512E0200311EDC /* ToDoListItemsViewViewModel.swift in Sources */,
				C1DF76432C512D4500311EDC /* ToDoListModel.swift in Sources */,
				C1DF76472C512DC100311EDC /* ProfileViewViewModel.swift in Sources */,
				C1DF764B2C512DD700311EDC /* RegisterViewViewModel.swift in Sources */,
				C1DF76492C512DD000311EDC /* LoginViewViewModel.swift in Sources */,
				C1DF763C2C512BCD00311EDC /* RegisterView.swift in Sources */,
				C1DF75FB2C510DF200311EDC /* Application.swift in Sources */,
				C1DF76412C512D3600311EDC /* User.swift in Sources */,
				C1DF764D2C512DE800311EDC /* ItemViewViewModel.swift in Sources */,
				C1DF76352C512B8500311EDC /* ItemView.swift in Sources */,
				C1DF76372C512B9A00311EDC /* CreateItemView.swift in Sources */,
				C1DF763F2C512C7500311EDC /* ToDoListItemsView.swift in Sources */,
			);
			runOnlyForDeploymentPostprocessing = 0;
		};
		C1DF76032C510DF400311EDC /* Sources */ = {
			isa = PBXSourcesBuildPhase;
			buildActionMask = 2147483647;
			files = (
				C1DF760C2C510DF400311EDC /* ToDoListTests.swift in Sources */,
			);
			runOnlyForDeploymentPostprocessing = 0;
		};
		C1DF760D2C510DF400311EDC /* Sources */ = {
			isa = PBXSourcesBuildPhase;
			buildActionMask = 2147483647;
			files = (
				C1DF76182C510DF400311EDC /* ToDoListUITestsLaunchTests.swift in Sources */,
				C1DF76162C510DF400311EDC /* ToDoListUITests.swift in Sources */,
			);
			runOnlyForDeploymentPostprocessing = 0;
		};
/* End PBXSourcesBuildPhase section */

/* Begin PBXTargetDependency section */
		C1DF76092C510DF400311EDC /* PBXTargetDependency */ = {
			isa = PBXTargetDependency;
			target = C1DF75F62C510DF200311EDC /* ToDoList */;
			targetProxy = C1DF76082C510DF400311EDC /* PBXContainerItemProxy */;
		};
		C1DF76132C510DF400311EDC /* PBXTargetDependency */ = {
			isa = PBXTargetDependency;
			target = C1DF75F62C510DF200311EDC /* ToDoList */;
			targetProxy = C1DF76122C510DF400311EDC /* PBXContainerItemProxy */;
		};
/* End PBXTargetDependency section */

/* Begin XCBuildConfiguration section */
		C1DF76192C510DF400311EDC /* Debug */ = {
			isa = XCBuildConfiguration;
			buildSettings = {
				ALWAYS_SEARCH_USER_PATHS = NO;
				ASSETCATALOG_COMPILER_GENERATE_SWIFT_ASSET_SYMBOL_EXTENSIONS = YES;
				CLANG_ANALYZER_NONNULL = YES;
				CLANG_ANALYZER_NUMBER_OBJECT_CONVERSION = YES_AGGRESSIVE;
				CLANG_CXX_LANGUAGE_STANDARD = "gnu++20";
				CLANG_ENABLE_MODULES = YES;
				CLANG_ENABLE_OBJC_ARC = YES;
				CLANG_ENABLE_OBJC_WEAK = YES;
				CLANG_WARN_BLOCK_CAPTURE_AUTORELEASING = YES;
				CLANG_WARN_BOOL_CONVERSION = YES;
				CLANG_WARN_COMMA = YES;
				CLANG_WARN_CONSTANT_CONVERSION = YES;
				CLANG_WARN_DEPRECATED_OBJC_IMPLEMENTATIONS = YES;
				CLANG_WARN_DIRECT_OBJC_ISA_USAGE = YES_ERROR;
				CLANG_WARN_DOCUMENTATION_COMMENTS = YES;
				CLANG_WARN_EMPTY_BODY = YES;
				CLANG_WARN_ENUM_CONVERSION = YES;
				CLANG_WARN_INFINITE_RECURSION = YES;
				CLANG_WARN_INT_CONVERSION = YES;
				CLANG_WARN_NON_LITERAL_NULL_CONVERSION = YES;
				CLANG_WARN_OBJC_IMPLICIT_RETAIN_SELF = YES;
				CLANG_WARN_OBJC_LITERAL_CONVERSION = YES;
				CLANG_WARN_OBJC_ROOT_CLASS = YES_ERROR;
				CLANG_WARN_QUOTED_INCLUDE_IN_FRAMEWORK_HEADER = YES;
				CLANG_WARN_RANGE_LOOP_ANALYSIS = YES;
				CLANG_WARN_STRICT_PROTOTYPES = YES;
				CLANG_WARN_SUSPICIOUS_MOVE = YES;
				CLANG_WARN_UNGUARDED_AVAILABILITY = YES_AGGRESSIVE;
				CLANG_WARN_UNREACHABLE_CODE = YES;
				CLANG_WARN__DUPLICATE_METHOD_MATCH = YES;
				COPY_PHASE_STRIP = NO;
				DEBUG_INFORMATION_FORMAT = dwarf;
				ENABLE_STRICT_OBJC_MSGSEND = YES;
				ENABLE_TESTABILITY = YES;
				ENABLE_USER_SCRIPT_SANDBOXING = YES;
				GCC_C_LANGUAGE_STANDARD = gnu17;
				GCC_DYNAMIC_NO_PIC = NO;
				GCC_NO_COMMON_BLOCKS = YES;
				GCC_OPTIMIZATION_LEVEL = 0;
				GCC_PREPROCESSOR_DEFINITIONS = (
					"DEBUG=1",
					"$(inherited)",
				);
				GCC_WARN_64_TO_32_BIT_CONVERSION = YES;
				GCC_WARN_ABOUT_RETURN_TYPE = YES_ERROR;
				GCC_WARN_UNDECLARED_SELECTOR = YES;
				GCC_WARN_UNINITIALIZED_AUTOS = YES_AGGRESSIVE;
				GCC_WARN_UNUSED_FUNCTION = YES;
				GCC_WARN_UNUSED_VARIABLE = YES;
				IPHONEOS_DEPLOYMENT_TARGET = 17.5;
				LOCALIZATION_PREFERS_STRING_CATALOGS = YES;
				MTL_ENABLE_DEBUG_INFO = INCLUDE_SOURCE;
				MTL_FAST_MATH = YES;
				ONLY_ACTIVE_ARCH = YES;
				SDKROOT = iphoneos;
				SWIFT_ACTIVE_COMPILATION_CONDITIONS = "DEBUG $(inherited)";
				SWIFT_OPTIMIZATION_LEVEL = "-Onone";
			};
			name = Debug;
		};
		C1DF761A2C510DF400311EDC /* Release */ = {
			isa = XCBuildConfiguration;
			buildSettings = {
				ALWAYS_SEARCH_USER_PATHS = NO;
				ASSETCATALOG_COMPILER_GENERATE_SWIFT_ASSET_SYMBOL_EXTENSIONS = YES;
				CLANG_ANALYZER_NONNULL = YES;
				CLANG_ANALYZER_NUMBER_OBJECT_CONVERSION = YES_AGGRESSIVE;
				CLANG_CXX_LANGUAGE_STANDARD = "gnu++20";
				CLANG_ENABLE_MODULES = YES;
				CLANG_ENABLE_OBJC_ARC = YES;
				CLANG_ENABLE_OBJC_WEAK = YES;
				CLANG_WARN_BLOCK_CAPTURE_AUTORELEASING = YES;
				CLANG_WARN_BOOL_CONVERSION = YES;
				CLANG_WARN_COMMA = YES;
				CLANG_WARN_CONSTANT_CONVERSION = YES;
				CLANG_WARN_DEPRECATED_OBJC_IMPLEMENTATIONS = YES;
				CLANG_WARN_DIRECT_OBJC_ISA_USAGE = YES_ERROR;
				CLANG_WARN_DOCUMENTATION_COMMENTS = YES;
				CLANG_WARN_EMPTY_BODY = YES;
				CLANG_WARN_ENUM_CONVERSION = YES;
				CLANG_WARN_INFINITE_RECURSION = YES;
				CLANG_WARN_INT_CONVERSION = YES;
				CLANG_WARN_NON_LITERAL_NULL_CONVERSION = YES;
				CLANG_WARN_OBJC_IMPLICIT_RETAIN_SELF = YES;
				CLANG_WARN_OBJC_LITERAL_CONVERSION = YES;
				CLANG_WARN_OBJC_ROOT_CLASS = YES_ERROR;
				CLANG_WARN_QUOTED_INCLUDE_IN_FRAMEWORK_HEADER = YES;
				CLANG_WARN_RANGE_LOOP_ANALYSIS = YES;
				CLANG_WARN_STRICT_PROTOTYPES = YES;
				CLANG_WARN_SUSPICIOUS_MOVE = YES;
				CLANG_WARN_UNGUARDED_AVAILABILITY = YES_AGGRESSIVE;
				CLANG_WARN_UNREACHABLE_CODE = YES;
				CLANG_WARN__DUPLICATE_METHOD_MATCH = YES;
				COPY_PHASE_STRIP = NO;
				DEBUG_INFORMATION_FORMAT = "dwarf-with-dsym";
				ENABLE_NS_ASSERTIONS = NO;
				ENABLE_STRICT_OBJC_MSGSEND = YES;
				ENABLE_USER_SCRIPT_SANDBOXING = YES;
				GCC_C_LANGUAGE_STANDARD = gnu17;
				GCC_NO_COMMON_BLOCKS = YES;
				GCC_WARN_64_TO_32_BIT_CONVERSION = YES;
				GCC_WARN_ABOUT_RETURN_TYPE = YES_ERROR;
				GCC_WARN_UNDECLARED_SELECTOR = YES;
				GCC_WARN_UNINITIALIZED_AUTOS = YES_AGGRESSIVE;
				GCC_WARN_UNUSED_FUNCTION = YES;
				GCC_WARN_UNUSED_VARIABLE = YES;
				IPHONEOS_DEPLOYMENT_TARGET = 17.5;
				LOCALIZATION_PREFERS_STRING_CATALOGS = YES;
				MTL_ENABLE_DEBUG_INFO = NO;
				MTL_FAST_MATH = YES;
				SDKROOT = iphoneos;
				SWIFT_COMPILATION_MODE = wholemodule;
				VALIDATE_PRODUCT = YES;
			};
			name = Release;
		};
		C1DF761C2C510DF400311EDC /* Debug */ = {
			isa = XCBuildConfiguration;
			buildSettings = {
				ASSETCATALOG_COMPILER_APPICON_NAME = AppIcon;
				ASSETCATALOG_COMPILER_GLOBAL_ACCENT_COLOR_NAME = AccentColor;
				CODE_SIGN_STYLE = Automatic;
				CURRENT_PROJECT_VERSION = 1;
				DEVELOPMENT_ASSET_PATHS = "\"ToDoList/Preview Content\"";
				ENABLE_PREVIEWS = YES;
				GENERATE_INFOPLIST_FILE = YES;
				INFOPLIST_KEY_CFBundleDisplayName = "ToDo List";
				INFOPLIST_KEY_UIApplicationSceneManifest_Generation = YES;
				INFOPLIST_KEY_UIApplicationSupportsIndirectInputEvents = YES;
				INFOPLIST_KEY_UILaunchScreen_Generation = YES;
				INFOPLIST_KEY_UISupportedInterfaceOrientations = UIInterfaceOrientationPortrait;
				LD_RUNPATH_SEARCH_PATHS = (
					"$(inherited)",
					"@executable_path/Frameworks",
				);
				MARKETING_VERSION = 1.0;
				PRODUCT_BUNDLE_IDENTIFIER = andriic.ToDoList;
				PRODUCT_NAME = "$(TARGET_NAME)";
				SWIFT_EMIT_LOC_STRINGS = YES;
				SWIFT_VERSION = 5.0;
				TARGETED_DEVICE_FAMILY = "1,2";
			};
			name = Debug;
		};
		C1DF761D2C510DF400311EDC /* Release */ = {
			isa = XCBuildConfiguration;
			buildSettings = {
				ASSETCATALOG_COMPILER_APPICON_NAME = AppIcon;
				ASSETCATALOG_COMPILER_GLOBAL_ACCENT_COLOR_NAME = AccentColor;
				CODE_SIGN_STYLE = Automatic;
				CURRENT_PROJECT_VERSION = 1;
				DEVELOPMENT_ASSET_PATHS = "\"ToDoList/Preview Content\"";
				ENABLE_PREVIEWS = YES;
				GENERATE_INFOPLIST_FILE = YES;
				INFOPLIST_KEY_CFBundleDisplayName = "ToDo List";
				INFOPLIST_KEY_UIApplicationSceneManifest_Generation = YES;
				INFOPLIST_KEY_UIApplicationSupportsIndirectInputEvents = YES;
				INFOPLIST_KEY_UILaunchScreen_Generation = YES;
				INFOPLIST_KEY_UISupportedInterfaceOrientations = UIInterfaceOrientationPortrait;
				LD_RUNPATH_SEARCH_PATHS = (
					"$(inherited)",
					"@executable_path/Frameworks",
				);
				MARKETING_VERSION = 1.0;
				PRODUCT_BUNDLE_IDENTIFIER = andriic.ToDoList;
				PRODUCT_NAME = "$(TARGET_NAME)";
				SWIFT_EMIT_LOC_STRINGS = YES;
				SWIFT_VERSION = 5.0;
				TARGETED_DEVICE_FAMILY = "1,2";
			};
			name = Release;
		};
		C1DF761F2C510DF400311EDC /* Debug */ = {
			isa = XCBuildConfiguration;
			buildSettings = {
				ALWAYS_EMBED_SWIFT_STANDARD_LIBRARIES = YES;
				BUNDLE_LOADER = "$(TEST_HOST)";
				CODE_SIGN_STYLE = Automatic;
				CURRENT_PROJECT_VERSION = 1;
				GENERATE_INFOPLIST_FILE = YES;
				IPHONEOS_DEPLOYMENT_TARGET = 17.5;
				MARKETING_VERSION = 1.0;
				PRODUCT_BUNDLE_IDENTIFIER = andriic.ToDoListTests;
				PRODUCT_NAME = "$(TARGET_NAME)";
				SWIFT_EMIT_LOC_STRINGS = NO;
				SWIFT_VERSION = 5.0;
				TARGETED_DEVICE_FAMILY = "1,2";
				TEST_HOST = "$(BUILT_PRODUCTS_DIR)/ToDoList.app/$(BUNDLE_EXECUTABLE_FOLDER_PATH)/ToDoList";
			};
			name = Debug;
		};
		C1DF76202C510DF400311EDC /* Release */ = {
			isa = XCBuildConfiguration;
			buildSettings = {
				ALWAYS_EMBED_SWIFT_STANDARD_LIBRARIES = YES;
				BUNDLE_LOADER = "$(TEST_HOST)";
				CODE_SIGN_STYLE = Automatic;
				CURRENT_PROJECT_VERSION = 1;
				GENERATE_INFOPLIST_FILE = YES;
				IPHONEOS_DEPLOYMENT_TARGET = 17.5;
				MARKETING_VERSION = 1.0;
				PRODUCT_BUNDLE_IDENTIFIER = andriic.ToDoListTests;
				PRODUCT_NAME = "$(TARGET_NAME)";
				SWIFT_EMIT_LOC_STRINGS = NO;
				SWIFT_VERSION = 5.0;
				TARGETED_DEVICE_FAMILY = "1,2";
				TEST_HOST = "$(BUILT_PRODUCTS_DIR)/ToDoList.app/$(BUNDLE_EXECUTABLE_FOLDER_PATH)/ToDoList";
			};
			name = Release;
		};
		C1DF76222C510DF400311EDC /* Debug */ = {
			isa = XCBuildConfiguration;
			buildSettings = {
				ALWAYS_EMBED_SWIFT_STANDARD_LIBRARIES = YES;
				CODE_SIGN_STYLE = Automatic;
				CURRENT_PROJECT_VERSION = 1;
				GENERATE_INFOPLIST_FILE = YES;
				MARKETING_VERSION = 1.0;
				PRODUCT_BUNDLE_IDENTIFIER = andriic.ToDoListUITests;
				PRODUCT_NAME = "$(TARGET_NAME)";
				SWIFT_EMIT_LOC_STRINGS = NO;
				SWIFT_VERSION = 5.0;
				TARGETED_DEVICE_FAMILY = "1,2";
				TEST_TARGET_NAME = ToDoList;
			};
			name = Debug;
		};
		C1DF76232C510DF400311EDC /* Release */ = {
			isa = XCBuildConfiguration;
			buildSettings = {
				ALWAYS_EMBED_SWIFT_STANDARD_LIBRARIES = YES;
				CODE_SIGN_STYLE = Automatic;
				CURRENT_PROJECT_VERSION = 1;
				GENERATE_INFOPLIST_FILE = YES;
				MARKETING_VERSION = 1.0;
				PRODUCT_BUNDLE_IDENTIFIER = andriic.ToDoListUITests;
				PRODUCT_NAME = "$(TARGET_NAME)";
				SWIFT_EMIT_LOC_STRINGS = NO;
				SWIFT_VERSION = 5.0;
				TARGETED_DEVICE_FAMILY = "1,2";
				TEST_TARGET_NAME = ToDoList;
			};
			name = Release;
		};
/* End XCBuildConfiguration section */

/* Begin XCConfigurationList section */
		C1DF75F22C510DF200311EDC /* Build configuration list for PBXProject "ToDoList" */ = {
			isa = XCConfigurationList;
			buildConfigurations = (
				C1DF76192C510DF400311EDC /* Debug */,
				C1DF761A2C510DF400311EDC /* Release */,
			);
			defaultConfigurationIsVisible = 0;
			defaultConfigurationName = Release;
		};
		C1DF761B2C510DF400311EDC /* Build configuration list for PBXNativeTarget "ToDoList" */ = {
			isa = XCConfigurationList;
			buildConfigurations = (
				C1DF761C2C510DF400311EDC /* Debug */,
				C1DF761D2C510DF400311EDC /* Release */,
			);
			defaultConfigurationIsVisible = 0;
			defaultConfigurationName = Release;
		};
		C1DF761E2C510DF400311EDC /* Build configuration list for PBXNativeTarget "ToDoListTests" */ = {
			isa = XCConfigurationList;
			buildConfigurations = (
				C1DF761F2C510DF400311EDC /* Debug */,
				C1DF76202C510DF400311EDC /* Release */,
			);
			defaultConfigurationIsVisible = 0;
			defaultConfigurationName = Release;
		};
		C1DF76212C510DF400311EDC /* Build configuration list for PBXNativeTarget "ToDoListUITests" */ = {
			isa = XCConfigurationList;
			buildConfigurations = (
				C1DF76222C510DF400311EDC /* Debug */,
				C1DF76232C510DF400311EDC /* Release */,
			);
			defaultConfigurationIsVisible = 0;
			defaultConfigurationName = Release;
		};
/* End XCConfigurationList section */

/* Begin XCRemoteSwiftPackageReference section */
		C1DF76242C51134B00311EDC /* XCRemoteSwiftPackageReference "firebase-ios-sdk" */ = {
			isa = XCRemoteSwiftPackageReference;
			repositoryURL = "https://github.com/firebase/firebase-ios-sdk";
			requirement = {
				kind = upToNextMajorVersion;
				minimumVersion = 10.29.0;
			};
		};
/* End XCRemoteSwiftPackageReference section */

/* Begin XCSwiftPackageProductDependency section */
		C1DF76252C51134B00311EDC /* FirebaseAuth */ = {
			isa = XCSwiftPackageProductDependency;
			package = C1DF76242C51134B00311EDC /* XCRemoteSwiftPackageReference "firebase-ios-sdk" */;
			productName = FirebaseAuth;
		};
		C1DF76272C51134B00311EDC /* FirebaseFirestore */ = {
			isa = XCSwiftPackageProductDependency;
			package = C1DF76242C51134B00311EDC /* XCRemoteSwiftPackageReference "firebase-ios-sdk" */;
			productName = FirebaseFirestore;
		};
		C1DF76292C51134B00311EDC /* FirebaseFirestoreSwift */ = {
			isa = XCSwiftPackageProductDependency;
			package = C1DF76242C51134B00311EDC /* XCRemoteSwiftPackageReference "firebase-ios-sdk" */;
			productName = FirebaseFirestoreSwift;
		};
/* End XCSwiftPackageProductDependency section */
	};
	rootObject = C1DF75EF2C510DF200311EDC /* Project object */;
}
